# THIS IS AN AUTOGENERATED FILE. DO NOT EDIT THIS FILE DIRECTLY.
# yarn lockfile v1


"a-sync-waterfall@^1.0.0":
  "integrity" "sha1-dba2qnJZi0l6El56J3DxT0yKH6c="
  "resolved" "https://pkgs.dev.azure.com/office/Office/_packaging/1JS/npm/registry/a-sync-waterfall/-/a-sync-waterfall-1.0.1.tgz"
  "version" "1.0.1"

"abbrev@^1.1.1":
  "integrity" "sha1-+PLIh60Qv2f2NPAFtph/7TF5qsg="
  "resolved" "https://pkgs.dev.azure.com/office/Office/_packaging/1JS/npm/registry/abbrev/-/abbrev-1.1.1.tgz"
  "version" "1.1.1"

"accepts@~1.3.5":
  "integrity" "sha1-UxvHJlF6OytB+FACHGzBXqq1B80="
  "resolved" "https://pkgs.dev.azure.com/office/Office/_packaging/1JS/npm/registry/accepts/-/accepts-1.3.7.tgz"
  "version" "1.3.7"
  dependencies:
    "mime-types" "~2.1.24"
    "negotiator" "0.6.2"

"amdefine@>=0.0.4":
  "integrity" "sha1-SlKCrBZHKek2Gbz9OtFR+BfOkfU="
  "resolved" "https://pkgs.dev.azure.com/office/Office/_packaging/1JS/npm/registry/amdefine/-/amdefine-1.0.1.tgz"
  "version" "1.0.1"

"ansi-regex@^5.0.0":
  "integrity" "sha1-OIU59VF5vzkznIGvMKZU1p+Hy3U="
  "resolved" "https://pkgs.dev.azure.com/office/Office/_packaging/1JS/npm/registry/ansi-regex/-/ansi-regex-5.0.0.tgz"
  "version" "5.0.0"

"ansi-styles@^4.1.0":
  "integrity" "sha1-7dgDYornHATIWuegkG7a00tkiTc="
  "resolved" "https://pkgs.dev.azure.com/office/Office/_packaging/1JS/npm/registry/ansi-styles/-/ansi-styles-4.3.0.tgz"
  "version" "4.3.0"
  dependencies:
    "color-convert" "^2.0.1"

"anymatch@~3.1.1":
  "integrity" "sha1-xV7PAhheJGklk5kxDBc84xIzsUI="
  "resolved" "https://pkgs.dev.azure.com/office/Office/_packaging/1JS/npm/registry/anymatch/-/anymatch-3.1.1.tgz"
  "version" "3.1.1"
  dependencies:
    "normalize-path" "^3.0.0"
    "picomatch" "^2.0.4"

"archy@^1.0.0":
  "integrity" "sha1-+cjBN1fMHde8N5rHeyxipcKGjEA="
  "resolved" "https://pkgs.dev.azure.com/office/Office/_packaging/1JS/npm/registry/archy/-/archy-1.0.0.tgz"
  "version" "1.0.0"

"argparse@^1.0.7":
  "integrity" "sha1-vNZ5HqWuCXJeF+WtmIE0zUCz2RE="
  "resolved" "https://pkgs.dev.azure.com/office/Office/_packaging/1JS/npm/registry/argparse/-/argparse-1.0.10.tgz"
  "version" "1.0.10"
  dependencies:
    "sprintf-js" "~1.0.2"

"argparse@^2.0.1":
  "integrity" "sha1-JG9Q88p4oyQPbJl+ipvR6sSeSzg="
  "resolved" "https://pkgs.dev.azure.com/office/Office/_packaging/1JS/npm/registry/argparse/-/argparse-2.0.1.tgz"
  "version" "2.0.1"

"asap@^2.0.3":
  "integrity" "sha1-5QNHYR1+aQlDIIu9r+vLwvuGbUY="
  "resolved" "https://pkgs.dev.azure.com/office/Office/_packaging/1JS/npm/registry/asap/-/asap-2.0.6.tgz"
  "version" "2.0.6"

"atob@^2.1.2":
  "integrity" "sha1-bZUX654DDSQ2ZmZR6GvZ9vE1M8k="
  "resolved" "https://pkgs.dev.azure.com/office/Office/_packaging/1JS/npm/registry/atob/-/atob-2.1.2.tgz"
  "version" "2.1.2"

"balanced-match@^1.0.0":
  "integrity" "sha1-T0bPMYOgKmolh1z5pCQMFSkc9GQ="
  "resolved" "https://pkgs.dev.azure.com/office/Office/_packaging/1JS/npm/registry/balanced-match/-/balanced-match-1.0.1.tgz"
  "version" "1.0.1"

"basic-auth@~2.0.1":
  "integrity" "sha1-uZgnm/R844NEtPPPkW1Gebv1Hjo="
  "resolved" "https://pkgs.dev.azure.com/office/Office/_packaging/1JS/npm/registry/basic-auth/-/basic-auth-2.0.1.tgz"
  "version" "2.0.1"
  dependencies:
    "safe-buffer" "5.1.2"

"binary-extensions@^2.0.0":
  "integrity" "sha1-dfUC7q+f/eQvyYgpZFvk6na9ni0="
  "resolved" "https://pkgs.dev.azure.com/office/Office/_packaging/1JS/npm/registry/binary-extensions/-/binary-extensions-2.2.0.tgz"
  "version" "2.2.0"

"bluebird@^3.2.2", "bluebird@^3.5.0", "bluebird@^3.5.1", "bluebird@^3.5.2", "bluebird@^3.5.5":
  "integrity" "sha1-nyKcFb4nJFT/qXOs4NvueaGww28="
  "resolved" "https://pkgs.dev.azure.com/office/Office/_packaging/1JS/npm/registry/bluebird/-/bluebird-3.7.2.tgz"
  "version" "3.7.2"

"brace-expansion@^1.1.7":
  "integrity" "sha1-PH/L9SnYcibz0vUrlm/1Jx60Qd0="
  "resolved" "https://pkgs.dev.azure.com/office/Office/_packaging/1JS/npm/registry/brace-expansion/-/brace-expansion-1.1.11.tgz"
  "version" "1.1.11"
  dependencies:
    "balanced-match" "^1.0.0"
    "concat-map" "0.0.1"

"braces@^3.0.1", "braces@~3.0.2":
  "integrity" "sha1-NFThpGLujVmeI23zNs2epPiv4Qc="
  "resolved" "https://pkgs.dev.azure.com/office/Office/_packaging/1JS/npm/registry/braces/-/braces-3.0.2.tgz"
  "version" "3.0.2"
  dependencies:
    "fill-range" "^7.0.1"

"bytes@3.0.0":
  "integrity" "sha1-0ygVQE1olpn4Wk6k+odV3ROpYEg="
  "resolved" "https://pkgs.dev.azure.com/office/Office/_packaging/1JS/npm/registry/bytes/-/bytes-3.0.0.tgz"
  "version" "3.0.0"

"camel-case@^4.0.0":
  "integrity" "sha1-lygHKpVPgFIoIlpt7qazhGHhvVo="
  "resolved" "https://pkgs.dev.azure.com/office/Office/_packaging/1JS/npm/registry/camel-case/-/camel-case-4.1.2.tgz"
  "version" "4.1.2"
  dependencies:
    "pascal-case" "^3.1.2"
    "tslib" "^2.0.3"

"chalk@^4.0.0":
  "integrity" "sha1-ThSHCmGNni7dl92DRf2dncMVZGo="
  "resolved" "https://pkgs.dev.azure.com/office/Office/_packaging/1JS/npm/registry/chalk/-/chalk-4.1.0.tgz"
  "version" "4.1.0"
  dependencies:
    "ansi-styles" "^4.1.0"
    "supports-color" "^7.1.0"

"chokidar@^3.0.0":
  "integrity" "sha1-7pznu+vSt59J8wR5nVRo4x4U5oo="
  "resolved" "https://pkgs.dev.azure.com/office/Office/_packaging/1JS/npm/registry/chokidar/-/chokidar-3.5.1.tgz"
  "version" "3.5.1"
  dependencies:
    "anymatch" "~3.1.1"
    "braces" "~3.0.2"
    "fsevents" "~2.3.1"
    "glob-parent" "~5.1.0"
    "is-binary-path" "~2.1.0"
    "is-glob" "~4.0.1"
    "normalize-path" "~3.0.0"
    "readdirp" "~3.5.0"
  optionalDependencies:
    "fsevents" "~2.3.1"

"clipboard@^2.0.0":
  "integrity" "sha1-/8bBA90pZ6gwBfP2GXaqRlWkzbo="
  "resolved" "https://pkgs.dev.azure.com/office/Office/_packaging/1JS/npm/registry/clipboard/-/clipboard-2.0.8.tgz"
  "version" "2.0.8"
  dependencies:
    "good-listener" "^1.2.2"
    "select" "^1.1.2"
    "tiny-emitter" "^2.0.0"

"color-convert@^2.0.1":
  "integrity" "sha1-ctOmjVmMm9s68q0ehPIdiWq9TeM="
  "resolved" "https://pkgs.dev.azure.com/office/Office/_packaging/1JS/npm/registry/color-convert/-/color-convert-2.0.1.tgz"
  "version" "2.0.1"
  dependencies:
    "color-name" "~1.1.4"

"color-name@~1.1.4":
  "integrity" "sha1-wqCah6y95pVD3m9j+jmVyCbFNqI="
  "resolved" "https://pkgs.dev.azure.com/office/Office/_packaging/1JS/npm/registry/color-name/-/color-name-1.1.4.tgz"
  "version" "1.1.4"

"command-exists@^1.2.8":
  "integrity" "sha1-xQclrzgIyKsCYP1gsB+/oluVT2k="
  "resolved" "https://pkgs.dev.azure.com/office/Office/_packaging/1JS/npm/registry/command-exists/-/command-exists-1.2.9.tgz"
  "version" "1.2.9"

"commander@^5.1.0":
  "integrity" "sha1-Rqu9FlL44Fm92u+Zu9yyrZzxea4="
  "resolved" "https://pkgs.dev.azure.com/office/Office/_packaging/1JS/npm/registry/commander/-/commander-5.1.0.tgz"
  "version" "5.1.0"

"compressible@~2.0.16":
  "integrity" "sha1-r1PMprBw1MPAdQ+9dyhqbXzEb7o="
  "resolved" "https://pkgs.dev.azure.com/office/Office/_packaging/1JS/npm/registry/compressible/-/compressible-2.0.18.tgz"
  "version" "2.0.18"
  dependencies:
    "mime-db" ">= 1.43.0 < 2"

"compression@^1.7.4":
  "integrity" "sha1-lVI+/xcMpXwpoMpB5v4TH0Hlu48="
  "resolved" "https://pkgs.dev.azure.com/office/Office/_packaging/1JS/npm/registry/compression/-/compression-1.7.4.tgz"
  "version" "1.7.4"
  dependencies:
    "accepts" "~1.3.5"
    "bytes" "3.0.0"
    "compressible" "~2.0.16"
    "debug" "2.6.9"
    "on-headers" "~1.0.2"
    "safe-buffer" "5.1.2"
    "vary" "~1.1.2"

"concat-map@0.0.1":
  "integrity" "sha1-2Klr13/Wjfd5OnMDajug1UBdR3s="
  "resolved" "https://pkgs.dev.azure.com/office/Office/_packaging/1JS/npm/registry/concat-map/-/concat-map-0.0.1.tgz"
  "version" "0.0.1"

"connect@^3.7.0":
  "integrity" "sha1-XUk0iRDKpeB6AYALAw0MNfIEhPg="
  "resolved" "https://pkgs.dev.azure.com/office/Office/_packaging/1JS/npm/registry/connect/-/connect-3.7.0.tgz"
  "version" "3.7.0"
  dependencies:
    "debug" "2.6.9"
    "finalhandler" "1.1.2"
    "parseurl" "~1.3.3"
    "utils-merge" "1.0.1"

"cross-spawn@^7.0.0":
  "integrity" "sha1-9zqFudXUHQRVUcF34ogtSshXKKY="
  "resolved" "https://pkgs.dev.azure.com/office/Office/_packaging/1JS/npm/registry/cross-spawn/-/cross-spawn-7.0.3.tgz"
  "version" "7.0.3"
  dependencies:
    "path-key" "^3.1.0"
    "shebang-command" "^2.0.0"
    "which" "^2.0.1"

"css-parse@~2.0.0":
  "integrity" "sha1-pGjuZnwW2BzPBcWMONKpfHgNv9Q="
  "resolved" "https://pkgs.dev.azure.com/office/Office/_packaging/1JS/npm/registry/css-parse/-/css-parse-2.0.0.tgz"
  "version" "2.0.0"
  dependencies:
    "css" "^2.0.0"

"css-parse@1.7.x":
  "integrity" "sha1-Mh9s9zeCpv91ERE5D8BeLGV9jJs="
  "resolved" "https://pkgs.dev.azure.com/office/Office/_packaging/1JS/npm/registry/css-parse/-/css-parse-1.7.0.tgz"
  "version" "1.7.0"

"css@^2.0.0":
  "integrity" "sha1-xkZ1XHOXHyu6amAeLPL9cbEpiSk="
  "resolved" "https://pkgs.dev.azure.com/office/Office/_packaging/1JS/npm/registry/css/-/css-2.2.4.tgz"
  "version" "2.2.4"
  dependencies:
    "inherits" "^2.0.3"
    "source-map" "^0.6.1"
    "source-map-resolve" "^0.5.2"
    "urix" "^0.1.0"

"cuid@^2.1.4":
  "integrity" "sha1-y7iPlUFx4NV0dgbAE5+2XFEB6sA="
  "resolved" "https://pkgs.dev.azure.com/office/Office/_packaging/1JS/npm/registry/cuid/-/cuid-2.1.8.tgz"
  "version" "2.1.8"

"debug@*", "debug@2.6.9":
  "integrity" "sha1-XRKFFd8TT/Mn6QpMk/Tgd6U2NB8="
  "resolved" "https://pkgs.dev.azure.com/office/Office/_packaging/1JS/npm/registry/debug/-/debug-2.6.9.tgz"
  "version" "2.6.9"
  dependencies:
    "ms" "2.0.0"

"debug@~3.1.0":
  "integrity" "sha1-W7WgZyYotkFJVmuhaBnmFRjGcmE="
  "resolved" "https://pkgs.dev.azure.com/office/Office/_packaging/1JS/npm/registry/debug/-/debug-3.1.0.tgz"
  "version" "3.1.0"
  dependencies:
    "ms" "2.0.0"

"decode-uri-component@^0.2.0":
  "integrity" "sha1-6zkTMzRYd1y4TNGh+uBiEGu4dUU="
  "resolved" "https://pkgs.dev.azure.com/office/Office/_packaging/1JS/npm/registry/decode-uri-component/-/decode-uri-component-0.2.0.tgz"
  "version" "0.2.0"

"deepmerge@^4.2.2":
  "integrity" "sha1-RNLqNnm49NT/ujPwPYZfwee/SVU="
  "resolved" "https://pkgs.dev.azure.com/office/Office/_packaging/1JS/npm/registry/deepmerge/-/deepmerge-4.2.2.tgz"
  "version" "4.2.2"

"delegate@^3.1.2":
  "integrity" "sha1-tmtxwxWFIuirV0T3INjKDCr1kWY="
  "resolved" "https://pkgs.dev.azure.com/office/Office/_packaging/1JS/npm/registry/delegate/-/delegate-3.2.0.tgz"
  "version" "3.2.0"

"depd@~1.1.2":
  "integrity" "sha1-m81S4UwJd2PnSbJ0xDRu0uVgtak="
  "resolved" "https://pkgs.dev.azure.com/office/Office/_packaging/1JS/npm/registry/depd/-/depd-1.1.2.tgz"
  "version" "1.1.2"

"depd@~2.0.0":
  "integrity" "sha1-tpYWPMdXVg0JzyLMj60Vcbeedt8="
  "resolved" "https://pkgs.dev.azure.com/office/Office/_packaging/1JS/npm/registry/depd/-/depd-2.0.0.tgz"
  "version" "2.0.0"

"destroy@~1.0.4":
  "integrity" "sha1-l4hXRCxEdJ5CBmE+N5RiBYJqvYA="
  "resolved" "https://pkgs.dev.azure.com/office/Office/_packaging/1JS/npm/registry/destroy/-/destroy-1.0.4.tgz"
  "version" "1.0.4"

"dom-serializer@^1.0.1":
  "integrity" "sha1-NDPZE2rrPGJ5gdqjhfx/MtJ8SPE="
  "resolved" "https://pkgs.dev.azure.com/office/Office/_packaging/1JS/npm/registry/dom-serializer/-/dom-serializer-1.2.0.tgz"
  "version" "1.2.0"
  dependencies:
    "domelementtype" "^2.0.1"
    "domhandler" "^4.0.0"
    "entities" "^2.0.0"

"domelementtype@^2.0.1", "domelementtype@^2.2.0":
  "integrity" "sha1-mgtsJ4LtahxzI9QiZxg9+b2LHVc="
  "resolved" "https://pkgs.dev.azure.com/office/Office/_packaging/1JS/npm/registry/domelementtype/-/domelementtype-2.2.0.tgz"
  "version" "2.2.0"

"domhandler@^3.0.0":
  "integrity" "sha1-bbfqRuRhfrFc+HXfaLK4UkzgA3o="
  "resolved" "https://pkgs.dev.azure.com/office/Office/_packaging/1JS/npm/registry/domhandler/-/domhandler-3.3.0.tgz"
  "version" "3.3.0"
  dependencies:
    "domelementtype" "^2.0.1"

"domhandler@^4.0.0":
  "integrity" "sha1-wdjUlNXsbbIt6Z5GoUnCpNI93UM="
  "resolved" "https://pkgs.dev.azure.com/office/Office/_packaging/1JS/npm/registry/domhandler/-/domhandler-4.1.0.tgz"
  "version" "4.1.0"
  dependencies:
    "domelementtype" "^2.2.0"

"domhandler@^4.1.0":
  "integrity" "sha1-wdjUlNXsbbIt6Z5GoUnCpNI93UM="
  "resolved" "https://pkgs.dev.azure.com/office/Office/_packaging/1JS/npm/registry/domhandler/-/domhandler-4.1.0.tgz"
  "version" "4.1.0"
  dependencies:
    "domelementtype" "^2.2.0"

"domutils@^2.0.0":
  "integrity" "sha1-m46Etdn3iEma53UG6oMum0+aocA="
  "resolved" "https://pkgs.dev.azure.com/office/Office/_packaging/1JS/npm/registry/domutils/-/domutils-2.5.1.tgz"
  "version" "2.5.1"
  dependencies:
    "dom-serializer" "^1.0.1"
    "domelementtype" "^2.2.0"
    "domhandler" "^4.1.0"

"ee-first@1.1.1":
  "integrity" "sha1-WQxhFWsK4vTwJVcyoViyZrxWsh0="
  "resolved" "https://pkgs.dev.azure.com/office/Office/_packaging/1JS/npm/registry/ee-first/-/ee-first-1.1.1.tgz"
  "version" "1.1.1"

"ejs@^2.6.1":
  "integrity" "sha1-SGYSh1c9zFPjZsehrlLDoSDuybo="
  "resolved" "https://pkgs.dev.azure.com/office/Office/_packaging/1JS/npm/registry/ejs/-/ejs-2.7.4.tgz"
  "version" "2.7.4"

"encodeurl@~1.0.2":
  "integrity" "sha1-rT/0yG7C0CkyL1oCw6mmBslbP1k="
  "resolved" "https://pkgs.dev.azure.com/office/Office/_packaging/1JS/npm/registry/encodeurl/-/encodeurl-1.0.2.tgz"
  "version" "1.0.2"

"entities@^2.0.0":
  "integrity" "sha1-CY3JDruD2N/6CJ1VJWs1HTTE2lU="
  "resolved" "https://pkgs.dev.azure.com/office/Office/_packaging/1JS/npm/registry/entities/-/entities-2.2.0.tgz"
  "version" "2.2.0"

"escape-html@~1.0.3":
  "integrity" "sha1-Aljq5NPQwJdN4cFpGI7wBR0dGYg="
  "resolved" "https://pkgs.dev.azure.com/office/Office/_packaging/1JS/npm/registry/escape-html/-/escape-html-1.0.3.tgz"
  "version" "1.0.3"

"esprima@^4.0.0":
  "integrity" "sha1-E7BM2z5sXRnfkatph6hpVhmwqnE="
  "resolved" "https://pkgs.dev.azure.com/office/Office/_packaging/1JS/npm/registry/esprima/-/esprima-4.0.1.tgz"
  "version" "4.0.1"

"etag@~1.8.1":
  "integrity" "sha1-Qa4u62XvpiJorr/qg6x9eSmbCIc="
  "resolved" "https://pkgs.dev.azure.com/office/Office/_packaging/1JS/npm/registry/etag/-/etag-1.8.1.tgz"
  "version" "1.8.1"

"fill-range@^7.0.1":
  "integrity" "sha1-GRmmp8df44ssfHflGYU12prN2kA="
  "resolved" "https://pkgs.dev.azure.com/office/Office/_packaging/1JS/npm/registry/fill-range/-/fill-range-7.0.1.tgz"
  "version" "7.0.1"
  dependencies:
    "to-regex-range" "^5.0.1"

"finalhandler@1.1.2":
  "integrity" "sha1-t+fQAP/RGTjQ/bBTUG9uur6fWH0="
  "resolved" "https://pkgs.dev.azure.com/office/Office/_packaging/1JS/npm/registry/finalhandler/-/finalhandler-1.1.2.tgz"
  "version" "1.1.2"
  dependencies:
    "debug" "2.6.9"
    "encodeurl" "~1.0.2"
    "escape-html" "~1.0.3"
    "on-finished" "~2.3.0"
    "parseurl" "~1.3.3"
    "statuses" "~1.5.0"
    "unpipe" "~1.0.0"

"fresh@0.5.2":
  "integrity" "sha1-PYyt2Q2XZWn6g1qx+OSyOhBWBac="
  "resolved" "https://pkgs.dev.azure.com/office/Office/_packaging/1JS/npm/registry/fresh/-/fresh-0.5.2.tgz"
  "version" "0.5.2"

"fs.realpath@^1.0.0":
  "integrity" "sha1-FQStJSMVjKpA20onh8sBQRmU6k8="
  "resolved" "https://pkgs.dev.azure.com/office/Office/_packaging/1JS/npm/registry/fs.realpath/-/fs.realpath-1.0.0.tgz"
  "version" "1.0.0"

"fsevents@~2.3.1":
  "integrity" "sha1-ilJveLj99GI7cJ4Ll1xSwkwC/Ro="
  "resolved" "https://pkgs.dev.azure.com/office/Office/_packaging/1JS/npm/registry/fsevents/-/fsevents-2.3.2.tgz"
  "version" "2.3.2"

"function-bind@^1.1.1":
  "integrity" "sha1-pWiZ0+o8m6uHS7l3O3xe3pL0iV0="
  "resolved" "https://pkgs.dev.azure.com/office/Office/_packaging/1JS/npm/registry/function-bind/-/function-bind-1.1.1.tgz"
  "version" "1.1.1"

"glob-parent@~5.1.0":
  "integrity" "sha1-hpgyxYA0/mikCTwX3BXoNA2EAcQ="
  "resolved" "https://pkgs.dev.azure.com/office/Office/_packaging/1JS/npm/registry/glob-parent/-/glob-parent-5.1.2.tgz"
  "version" "5.1.2"
  dependencies:
    "is-glob" "^4.0.1"

"glob@^7.1.6":
  "integrity" "sha1-FB8zuBp8JJLhJVlDB0gMRmeSeKY="
  "resolved" "https://pkgs.dev.azure.com/office/Office/_packaging/1JS/npm/registry/glob/-/glob-7.1.6.tgz"
  "version" "7.1.6"
  dependencies:
    "fs.realpath" "^1.0.0"
    "inflight" "^1.0.4"
    "inherits" "2"
    "minimatch" "^3.0.4"
    "once" "^1.3.0"
    "path-is-absolute" "^1.0.0"

"glob@7.0.x":
  "integrity" "sha1-IRuvr0nlJbjNkyYNFKsTYVKz9Xo="
  "resolved" "https://pkgs.dev.azure.com/office/Office/_packaging/1JS/npm/registry/glob/-/glob-7.0.6.tgz"
  "version" "7.0.6"
  dependencies:
    "fs.realpath" "^1.0.0"
    "inflight" "^1.0.4"
    "inherits" "2"
    "minimatch" "^3.0.2"
    "once" "^1.3.0"
    "path-is-absolute" "^1.0.0"

"good-listener@^1.2.2":
  "integrity" "sha1-1TswzfkxPf+33JoNR3CWqm0UXFA="
  "resolved" "https://pkgs.dev.azure.com/office/Office/_packaging/1JS/npm/registry/good-listener/-/good-listener-1.2.2.tgz"
  "version" "1.2.2"
  dependencies:
    "delegate" "^3.1.2"

"graceful-fs@^4.1.11", "graceful-fs@^4.1.3":
  "integrity" "sha1-/wQLKwhTsjw9MQJ1I3BvGIXXa+4="
  "resolved" "https://pkgs.dev.azure.com/office/Office/_packaging/1JS/npm/registry/graceful-fs/-/graceful-fs-4.2.6.tgz"
  "version" "4.2.6"

"has-flag@^4.0.0":
  "integrity" "sha1-lEdx/ZyByBJlxNaUGGDaBrtZR5s="
  "resolved" "https://pkgs.dev.azure.com/office/Office/_packaging/1JS/npm/registry/has-flag/-/has-flag-4.0.0.tgz"
  "version" "4.0.0"

"has@^1.0.3":
  "integrity" "sha1-ci18v8H2qoJB8W3YFOAR4fQeh5Y="
  "resolved" "https://pkgs.dev.azure.com/office/Office/_packaging/1JS/npm/registry/has/-/has-1.0.3.tgz"
  "version" "1.0.3"
  dependencies:
    "function-bind" "^1.1.1"

"hexo-cli@^4.0.0":
  "integrity" "sha1-dGR7xyqQuc6/BK9bxwg5qygaMF0="
  "resolved" "https://pkgs.dev.azure.com/office/Office/_packaging/1JS/npm/registry/hexo-cli/-/hexo-cli-4.2.0.tgz"
  "version" "4.2.0"
  dependencies:
    "abbrev" "^1.1.1"
    "bluebird" "^3.5.5"
    "chalk" "^4.0.0"
    "command-exists" "^1.2.8"
    "hexo-fs" "^3.0.1"
    "hexo-log" "^2.0.0"
    "hexo-util" "^2.0.0"
    "minimist" "^1.2.5"
    "resolve" "^1.11.0"
    "tildify" "^2.0.0"

"hexo-deployer-git@^3.0.0":
  "integrity" "sha1-2oL3o0Rd8rITkm3I0DC6VJm2jPM="
  "resolved" "https://pkgs.dev.azure.com/office/Office/_packaging/1JS/npm/registry/hexo-deployer-git/-/hexo-deployer-git-3.0.0.tgz"
  "version" "3.0.0"
  dependencies:
    "bluebird" "^3.5.0"
    "chalk" "^4.0.0"
    "hexo-fs" "^3.0.1"
    "hexo-util" "^2.1.0"
    "moment" "^2.18.0"
    "nunjucks" "^3.2.1"

"hexo-front-matter@^2.0.0":
  "integrity" "sha1-A/Oanu2xbFRI27O+x9/yxOIkAGw="
  "resolved" "https://pkgs.dev.azure.com/office/Office/_packaging/1JS/npm/registry/hexo-front-matter/-/hexo-front-matter-2.0.0.tgz"
  "version" "2.0.0"
  dependencies:
    "js-yaml" "^3.13.1"

"hexo-fs@^3.0.1", "hexo-fs@^3.1.0":
  "integrity" "sha1-IFL/csaM2ixXeoeqDqeYCuUD+pk="
  "resolved" "https://pkgs.dev.azure.com/office/Office/_packaging/1JS/npm/registry/hexo-fs/-/hexo-fs-3.1.0.tgz"
  "version" "3.1.0"
  dependencies:
    "bluebird" "^3.5.1"
    "chokidar" "^3.0.0"
    "graceful-fs" "^4.1.11"
    "hexo-util" "^2.0.0"

"hexo-generator-archive@^1.0.0":
  "integrity" "sha512-24TeanDGpMBUIq37DHpSESQbeN6ssZ06edsGSI76tN4Yit50TgsgzP5g5DSu0yJk0jUtHJntysWE8NYAlFXibA=="
  "resolved" "https://registry.yarnpkg.com/hexo-generator-archive/-/hexo-generator-archive-1.0.0.tgz"
  "version" "1.0.0"
  dependencies:
    "hexo-pagination" "1.0.0"

"hexo-generator-category@^1.0.0":
  "integrity" "sha512-kmtwT1SHYL2ismbGnYQXNtqLFSeTdtHNbJIqno3LKROpCK8ybST5QVXF1bZI9LkFcXV/H8ilt8gfg4/dNNcQQQ=="
  "resolved" "https://registry.yarnpkg.com/hexo-generator-category/-/hexo-generator-category-1.0.0.tgz"
  "version" "1.0.0"
  dependencies:
    "hexo-pagination" "1.0.0"

"hexo-generator-index@^2.0.0":
  "integrity" "sha512-q/29Vj9BZs0dwBcF+s9IT8ymS4aYZsDwBEYDnh96C8tsX+KPY5v6TzCdttz58BchifaJpP/l9mi6u9rZuYqA0g=="
  "resolved" "https://registry.yarnpkg.com/hexo-generator-index/-/hexo-generator-index-2.0.0.tgz"
  "version" "2.0.0"
  dependencies:
    "hexo-pagination" "1.0.0"
    "timsort" "^0.3.0"

"hexo-generator-tag@^1.0.0":
  "integrity" "sha512-JDoB2T1EncRlyGSjuAhkGxRfKkN8tq0i8tFlk9I4q2L6iYxPaUnFenhji0oxufTADC16/IchuPjmMk//dt8Msg=="
  "resolved" "https://registry.yarnpkg.com/hexo-generator-tag/-/hexo-generator-tag-1.0.0.tgz"
  "version" "1.0.0"
  dependencies:
    "hexo-pagination" "1.0.0"

"hexo-i18n@^1.0.0":
  "integrity" "sha1-eYP7OjE+kGFbhN2PqUanHEie9b0="
  "resolved" "https://pkgs.dev.azure.com/office/Office/_packaging/1JS/npm/registry/hexo-i18n/-/hexo-i18n-1.0.0.tgz"
  "version" "1.0.0"
  dependencies:
    "sprintf-js" "^1.0.3"

"hexo-log@^2.0.0":
  "integrity" "sha1-HcyOlgApsIshmU/ixWxOPWNG6JM="
  "resolved" "https://pkgs.dev.azure.com/office/Office/_packaging/1JS/npm/registry/hexo-log/-/hexo-log-2.0.0.tgz"
  "version" "2.0.0"
  dependencies:
    "chalk" "^4.0.0"

"hexo-pagination@1.0.0":
  "integrity" "sha1-ycDKNmUme56dCon8PtyvMnaQfcE="
  "resolved" "https://pkgs.dev.azure.com/office/Office/_packaging/1JS/npm/registry/hexo-pagination/-/hexo-pagination-1.0.0.tgz"
  "version" "1.0.0"

"hexo-renderer-ejs@^1.0.0":
  "integrity" "sha512-O925i69FG4NYO62oWORcPhRZZX0sPx1SXGKUS5DaR/lzajyiXH5i2sqnkj0ya0rNLXIy/D7Xmt7WbFyuQx/kKQ=="
  "resolved" "https://registry.yarnpkg.com/hexo-renderer-ejs/-/hexo-renderer-ejs-1.0.0.tgz"
  "version" "1.0.0"
  dependencies:
    "ejs" "^2.6.1"

"hexo-renderer-marked@^4.0.0":
  "integrity" "sha512-Rc9tPqCEX+UjKhAHF2AmH4FcIqVSW7FTKH6kAhMWAn/WMxrCD3Al+99zKnnbgaLJ6TOCb1ckvB4BRkwk62ITxQ=="
  "resolved" "https://registry.yarnpkg.com/hexo-renderer-marked/-/hexo-renderer-marked-4.0.0.tgz"
  "version" "4.0.0"
  dependencies:
    "hexo-util" "^2.1.0"
    "marked" "^2.0.0"

"hexo-renderer-stylus@^2.0.0":
  "integrity" "sha512-1S4AG8RtzWqVrqKIYv2AJ4UYms5SHDjkdYS7IiGwgUejL24agbTktpAbnH2cG1JWZ15SRqYN0UGB9aAoSAgvEA=="
  "resolved" "https://registry.yarnpkg.com/hexo-renderer-stylus/-/hexo-renderer-stylus-2.0.1.tgz"
  "version" "2.0.1"
  dependencies:
    "nib" "^1.1.2"
    "stylus" "^0.54.8"

"hexo-server@^2.0.0":
  "integrity" "sha512-GnxCU0hjepjmqMENcKOKxpzOajb9YrjQczWsZPXU25l5Ze+M9KJLSVljIRFR+ikDRIPDtXaUY2WgYrWPbNEGfg=="
  "resolved" "https://registry.yarnpkg.com/hexo-server/-/hexo-server-2.0.0.tgz"
  "version" "2.0.0"
  dependencies:
    "bluebird" "^3.5.5"
    "chalk" "^4.0.0"
    "compression" "^1.7.4"
    "connect" "^3.7.0"
    "mime" "^2.4.3"
    "morgan" "^1.9.1"
    "open" "^7.0.0"
    "serve-static" "^1.14.1"

"hexo-theme-landscape@^0.0.3":
  "integrity" "sha512-b0Di+TUVs4ESrNX4ULEh9uQmADpO6kr10rIJ2OGZM8suNQNFKdxn+vJUjnLfKkCPJAfVmS7/S83KCNYe4tpoNw=="
  "resolved" "https://registry.yarnpkg.com/hexo-theme-landscape/-/hexo-theme-landscape-0.0.3.tgz"
  "version" "0.0.3"

"hexo-util@^2.0.0", "hexo-util@^2.1.0", "hexo-util@^2.4.0":
  "integrity" "sha1-9cAJmgoXGLOtJwYeXk0fuet/K0E="
  "resolved" "https://pkgs.dev.azure.com/office/Office/_packaging/1JS/npm/registry/hexo-util/-/hexo-util-2.4.0.tgz"
  "version" "2.4.0"
  dependencies:
    "bluebird" "^3.5.2"
    "camel-case" "^4.0.0"
    "cross-spawn" "^7.0.0"
    "deepmerge" "^4.2.2"
    "highlight.js" "^10.0.0"
    "htmlparser2" "^4.0.0"
    "prismjs" "^1.17.1"
    "strip-indent" "^3.0.0"
    "striptags" "^3.1.1"

"hexo@^5.0.0":
  "integrity" "sha512-4vMDle5GjpMeOVrx0NKoTZCqrmpJVg3wNiNNUVjcoFfcpYcMzQUCZHBtQqLl7BzjJ8x2gs002VQ5yv0ZKtj8Jg=="
  "resolved" "https://registry.yarnpkg.com/hexo/-/hexo-5.4.0.tgz"
  "version" "5.4.0"
  dependencies:
    "abbrev" "^1.1.1"
    "archy" "^1.0.0"
    "bluebird" "^3.5.2"
    "chalk" "^4.0.0"
    "hexo-cli" "^4.0.0"
    "hexo-front-matter" "^2.0.0"
    "hexo-fs" "^3.1.0"
    "hexo-i18n" "^1.0.0"
    "hexo-log" "^2.0.0"
    "hexo-util" "^2.4.0"
    "js-yaml" "^4.0.0"
    "micromatch" "^4.0.2"
    "moment" "^2.22.2"
    "moment-timezone" "^0.5.21"
    "nunjucks" "^3.2.1"
    "pretty-hrtime" "^1.0.3"
    "resolve" "^1.8.1"
    "strip-ansi" "^6.0.0"
    "text-table" "^0.2.0"
    "tildify" "^2.0.0"
    "titlecase" "^1.1.2"
    "warehouse" "^4.0.0"

"highlight.js@^10.0.0":
  "integrity" "sha1-iTGbhh7cZsSIVO0ebaIeqJ+Ec2A="
  "resolved" "https://pkgs.dev.azure.com/office/Office/_packaging/1JS/npm/registry/highlight.js/-/highlight.js-10.7.2.tgz"
  "version" "10.7.2"

"htmlparser2@^4.0.0":
  "integrity" "sha1-mk7xYfLkYl6/ffvmwKL1LRilnng="
  "resolved" "https://pkgs.dev.azure.com/office/Office/_packaging/1JS/npm/registry/htmlparser2/-/htmlparser2-4.1.0.tgz"
  "version" "4.1.0"
  dependencies:
    "domelementtype" "^2.0.1"
    "domhandler" "^3.0.0"
    "domutils" "^2.0.0"
    "entities" "^2.0.0"

"http-errors@~1.7.2":
  "integrity" "sha1-bGGeT5xgMIw4UZSYwU+7EKrOuwY="
  "resolved" "https://pkgs.dev.azure.com/office/Office/_packaging/1JS/npm/registry/http-errors/-/http-errors-1.7.3.tgz"
  "version" "1.7.3"
  dependencies:
    "depd" "~1.1.2"
    "inherits" "2.0.4"
    "setprototypeof" "1.1.1"
    "statuses" ">= 1.5.0 < 2"
    "toidentifier" "1.0.0"

"inflight@^1.0.4":
  "integrity" "sha1-Sb1jMdfQLQwJvJEKEHW6gWW1bfk="
  "resolved" "https://pkgs.dev.azure.com/office/Office/_packaging/1JS/npm/registry/inflight/-/inflight-1.0.6.tgz"
  "version" "1.0.6"
  dependencies:
    "once" "^1.3.0"
    "wrappy" "1"

"inherits@^2.0.3", "inherits@2", "inherits@2.0.4":
  "integrity" "sha1-D6LGT5MpF8NDOg3tVTY6rjdBa3w="
  "resolved" "https://pkgs.dev.azure.com/office/Office/_packaging/1JS/npm/registry/inherits/-/inherits-2.0.4.tgz"
  "version" "2.0.4"

"is-binary-path@~2.1.0":
  "integrity" "sha1-6h9/O4DwZCNug0cPhsCcJU+0Wwk="
  "resolved" "https://pkgs.dev.azure.com/office/Office/_packaging/1JS/npm/registry/is-binary-path/-/is-binary-path-2.1.0.tgz"
  "version" "2.1.0"
  dependencies:
    "binary-extensions" "^2.0.0"

"is-core-module@^2.2.0":
  "integrity" "sha1-lwN+89UiJNhRY/VZeytj2a/tmBo="
  "resolved" "https://pkgs.dev.azure.com/office/Office/_packaging/1JS/npm/registry/is-core-module/-/is-core-module-2.2.0.tgz"
  "version" "2.2.0"
  dependencies:
    "has" "^1.0.3"

"is-docker@^2.0.0":
  "integrity" "sha1-sDfIgVKB7arWwlYmSKX18Yg51fc="
  "resolved" "https://pkgs.dev.azure.com/office/Office/_packaging/1JS/npm/registry/is-docker/-/is-docker-2.2.0.tgz"
  "version" "2.2.0"

"is-extglob@^2.1.1":
  "integrity" "sha1-qIwCU1eR8C7TfHahueqXc8gz+MI="
  "resolved" "https://pkgs.dev.azure.com/office/Office/_packaging/1JS/npm/registry/is-extglob/-/is-extglob-2.1.1.tgz"
  "version" "2.1.1"

"is-glob@^4.0.1", "is-glob@~4.0.1":
  "integrity" "sha1-dWfb6fL14kZ7x3q4PEopSCQHpdw="
  "resolved" "https://pkgs.dev.azure.com/office/Office/_packaging/1JS/npm/registry/is-glob/-/is-glob-4.0.1.tgz"
  "version" "4.0.1"
  dependencies:
    "is-extglob" "^2.1.1"

"is-number@^7.0.0":
  "integrity" "sha1-dTU0W4lnNNX4DE0GxQlVUnoU8Ss="
  "resolved" "https://pkgs.dev.azure.com/office/Office/_packaging/1JS/npm/registry/is-number/-/is-number-7.0.0.tgz"
  "version" "7.0.0"

"is-plain-object@^3.0.0":
  "integrity" "sha1-Zi2S0kwKpDAkB7DUXSHyJRyF+Fs="
  "resolved" "https://pkgs.dev.azure.com/office/Office/_packaging/1JS/npm/registry/is-plain-object/-/is-plain-object-3.0.1.tgz"
  "version" "3.0.1"

"is-wsl@^2.1.1":
  "integrity" "sha1-dKTHbnfKn9P5MvKQwX6jJs0VcnE="
  "resolved" "https://pkgs.dev.azure.com/office/Office/_packaging/1JS/npm/registry/is-wsl/-/is-wsl-2.2.0.tgz"
  "version" "2.2.0"
  dependencies:
    "is-docker" "^2.0.0"

"isexe@^2.0.0":
  "integrity" "sha1-6PvzdNxVb/iUehDcsFctYz8s+hA="
  "resolved" "https://pkgs.dev.azure.com/office/Office/_packaging/1JS/npm/registry/isexe/-/isexe-2.0.0.tgz"
  "version" "2.0.0"

"js-yaml@^3.13.1":
  "integrity" "sha1-2ugS/bOCX6MGYJqHFzg8UMNqBTc="
  "resolved" "https://pkgs.dev.azure.com/office/Office/_packaging/1JS/npm/registry/js-yaml/-/js-yaml-3.14.1.tgz"
  "version" "3.14.1"
  dependencies:
    "argparse" "^1.0.7"
    "esprima" "^4.0.0"

"js-yaml@^4.0.0":
  "integrity" "sha1-9Ca8D/S0BRkmzViMcRExg0CaEh8="
  "resolved" "https://pkgs.dev.azure.com/office/Office/_packaging/1JS/npm/registry/js-yaml/-/js-yaml-4.0.0.tgz"
  "version" "4.0.0"
  dependencies:
    "argparse" "^2.0.1"

"jsonparse@^1.2.0":
  "integrity" "sha1-P02uSpH6wxX3EGL4UhzCOfE2YoA="
  "resolved" "https://pkgs.dev.azure.com/office/Office/_packaging/1JS/npm/registry/jsonparse/-/jsonparse-1.3.1.tgz"
  "version" "1.3.1"

"JSONStream@^1.0.7":
  "integrity" "sha1-MgjB8I06TZkmGrZPkjArwV4RHKA="
  "resolved" "https://pkgs.dev.azure.com/office/Office/_packaging/1JS/npm/registry/JSONStream/-/JSONStream-1.3.5.tgz"
  "version" "1.3.5"
  dependencies:
    "jsonparse" "^1.2.0"
    "through" ">=2.2.7 <3"

"lower-case@^2.0.2":
  "integrity" "sha1-b6I3xj29xKgsoP2ILkci3F5jTig="
  "resolved" "https://pkgs.dev.azure.com/office/Office/_packaging/1JS/npm/registry/lower-case/-/lower-case-2.0.2.tgz"
  "version" "2.0.2"
  dependencies:
    "tslib" "^2.0.3"

"marked@^2.0.0":
  "integrity" "sha1-Xn7XAJv6XJUYLk62lvhelIzvzuM="
  "resolved" "https://pkgs.dev.azure.com/office/Office/_packaging/1JS/npm/registry/marked/-/marked-2.0.1.tgz"
  "version" "2.0.1"

"micromatch@^4.0.2":
  "integrity" "sha1-T8sJmb+fvC/L3SEvbWKbmlbDklk="
  "resolved" "https://pkgs.dev.azure.com/office/Office/_packaging/1JS/npm/registry/micromatch/-/micromatch-4.0.2.tgz"
  "version" "4.0.2"
  dependencies:
    "braces" "^3.0.1"
    "picomatch" "^2.0.5"

"mime-db@>= 1.43.0 < 2", "mime-db@1.47.0":
  "integrity" "sha1-jLMT5Zll08Bc+/iYkVomevRqM1w="
  "resolved" "https://pkgs.dev.azure.com/office/Office/_packaging/1JS/npm/registry/mime-db/-/mime-db-1.47.0.tgz"
  "version" "1.47.0"

"mime-types@~2.1.24":
  "integrity" "sha1-bnvotMR5gl+F7WMmaV23P5MF1i0="
  "resolved" "https://pkgs.dev.azure.com/office/Office/_packaging/1JS/npm/registry/mime-types/-/mime-types-2.1.30.tgz"
  "version" "2.1.30"
  dependencies:
    "mime-db" "1.47.0"

"mime@^2.4.3":
  "integrity" "sha1-bj3GzCuVEGQ4MOXxnVy3U9pe6r4="
  "resolved" "https://pkgs.dev.azure.com/office/Office/_packaging/1JS/npm/registry/mime/-/mime-2.5.2.tgz"
  "version" "2.5.2"

"mime@1.6.0":
  "integrity" "sha1-Ms2eXGRVO9WNGaVor0Uqz/BJgbE="
  "resolved" "https://pkgs.dev.azure.com/office/Office/_packaging/1JS/npm/registry/mime/-/mime-1.6.0.tgz"
  "version" "1.6.0"

"min-indent@^1.0.0":
  "integrity" "sha1-pj9oFnOzBXH76LwlaGrnRu76mGk="
  "resolved" "https://pkgs.dev.azure.com/office/Office/_packaging/1JS/npm/registry/min-indent/-/min-indent-1.0.1.tgz"
  "version" "1.0.1"

"minimatch@^3.0.2", "minimatch@^3.0.4":
  "integrity" "sha1-UWbihkV/AzBgZL5Ul+jbsMPTIIM="
  "resolved" "https://pkgs.dev.azure.com/office/Office/_packaging/1JS/npm/registry/minimatch/-/minimatch-3.0.4.tgz"
  "version" "3.0.4"
  dependencies:
    "brace-expansion" "^1.1.7"

"minimist@^1.2.5":
  "integrity" "sha1-Z9ZgFLZqaoqqDAg8X9WN9OTpdgI="
  "resolved" "https://pkgs.dev.azure.com/office/Office/_packaging/1JS/npm/registry/minimist/-/minimist-1.2.5.tgz"
  "version" "1.2.5"

"mkdirp@~1.0.4":
  "integrity" "sha1-PrXtYmInVteaXw4qIh3+utdcL34="
  "resolved" "https://pkgs.dev.azure.com/office/Office/_packaging/1JS/npm/registry/mkdirp/-/mkdirp-1.0.4.tgz"
  "version" "1.0.4"

"mkdirp@0.5.x":
  "integrity" "sha1-2Rzv1i0UNsoPQWIOJRKI1CAJne8="
  "resolved" "https://pkgs.dev.azure.com/office/Office/_packaging/1JS/npm/registry/mkdirp/-/mkdirp-0.5.5.tgz"
  "version" "0.5.5"
  dependencies:
    "minimist" "^1.2.5"

"moment-timezone@^0.5.21":
  "integrity" "sha1-slL9a7V/NBybWaWrYajlGnO70iw="
  "resolved" "https://pkgs.dev.azure.com/office/Office/_packaging/1JS/npm/registry/moment-timezone/-/moment-timezone-0.5.33.tgz"
  "version" "0.5.33"
  dependencies:
    "moment" ">= 2.9.0"

"moment@^2.18.0", "moment@^2.22.2", "moment@>= 2.9.0":
  "integrity" "sha1-sr52n6MZQL6e7qZGnAdeNQBvo9M="
  "resolved" "https://pkgs.dev.azure.com/office/Office/_packaging/1JS/npm/registry/moment/-/moment-2.29.1.tgz"
  "version" "2.29.1"

"morgan@^1.9.1":
  "integrity" "sha1-CRd4q8H8R801CYJGU9rh+qtrF9c="
  "resolved" "https://pkgs.dev.azure.com/office/Office/_packaging/1JS/npm/registry/morgan/-/morgan-1.10.0.tgz"
  "version" "1.10.0"
  dependencies:
    "basic-auth" "~2.0.1"
    "debug" "2.6.9"
    "depd" "~2.0.0"
    "on-finished" "~2.3.0"
    "on-headers" "~1.0.2"

"ms@2.0.0":
  "integrity" "sha1-VgiurfwAvmwpAd9fmGF4jeDVl8g="
  "resolved" "https://pkgs.dev.azure.com/office/Office/_packaging/1JS/npm/registry/ms/-/ms-2.0.0.tgz"
  "version" "2.0.0"

"ms@2.1.1":
  "integrity" "sha1-MKWGTrPrsKZvLr5tcnrwagnYbgo="
  "resolved" "https://pkgs.dev.azure.com/office/Office/_packaging/1JS/npm/registry/ms/-/ms-2.1.1.tgz"
  "version" "2.1.1"

"negotiator@0.6.2":
  "integrity" "sha1-/qz3zPUlp3rpY0Q2pkiD/+yjRvs="
  "resolved" "https://pkgs.dev.azure.com/office/Office/_packaging/1JS/npm/registry/negotiator/-/negotiator-0.6.2.tgz"
  "version" "0.6.2"

"nib@^1.1.2":
  "integrity" "sha1-amnt5AgblcDe+L4CSkyK4MLLtsc="
  "resolved" "https://pkgs.dev.azure.com/office/Office/_packaging/1JS/npm/registry/nib/-/nib-1.1.2.tgz"
  "version" "1.1.2"
  dependencies:
    "stylus" "0.54.5"

"no-case@^3.0.4":
  "integrity" "sha1-02H9XJgA9VhVGoNp/A3NRmK2Ek0="
  "resolved" "https://pkgs.dev.azure.com/office/Office/_packaging/1JS/npm/registry/no-case/-/no-case-3.0.4.tgz"
  "version" "3.0.4"
  dependencies:
    "lower-case" "^2.0.2"
    "tslib" "^2.0.3"

"normalize-path@^3.0.0", "normalize-path@~3.0.0":
  "integrity" "sha1-Dc1p/yOhybEf0JeDFmRKA4ghamU="
  "resolved" "https://pkgs.dev.azure.com/office/Office/_packaging/1JS/npm/registry/normalize-path/-/normalize-path-3.0.0.tgz"
  "version" "3.0.0"

"nunjucks@^3.2.1":
  "integrity" "sha1-GzNhUkcpDpTigmO12FXs52VkijE="
  "resolved" "https://pkgs.dev.azure.com/office/Office/_packaging/1JS/npm/registry/nunjucks/-/nunjucks-3.2.3.tgz"
  "version" "3.2.3"
  dependencies:
    "a-sync-waterfall" "^1.0.0"
    "asap" "^2.0.3"
    "commander" "^5.1.0"

"on-finished@~2.3.0":
  "integrity" "sha1-IPEzZIGwg811M3mSoWlxqi2QaUc="
  "resolved" "https://pkgs.dev.azure.com/office/Office/_packaging/1JS/npm/registry/on-finished/-/on-finished-2.3.0.tgz"
  "version" "2.3.0"
  dependencies:
    "ee-first" "1.1.1"

"on-headers@~1.0.2":
  "integrity" "sha1-dysK5qqlJcOZ5Imt+tkMQD6zwo8="
  "resolved" "https://pkgs.dev.azure.com/office/Office/_packaging/1JS/npm/registry/on-headers/-/on-headers-1.0.2.tgz"
  "version" "1.0.2"

"once@^1.3.0":
  "integrity" "sha1-WDsap3WWHUsROsF9nFC6753Xa9E="
  "resolved" "https://pkgs.dev.azure.com/office/Office/_packaging/1JS/npm/registry/once/-/once-1.4.0.tgz"
  "version" "1.4.0"
  dependencies:
    "wrappy" "1"

"open@^7.0.0":
  "integrity" "sha1-uBR+Jtzz5CYxbHMAif1x7dKcIyE="
  "resolved" "https://pkgs.dev.azure.com/office/Office/_packaging/1JS/npm/registry/open/-/open-7.4.2.tgz"
  "version" "7.4.2"
  dependencies:
    "is-docker" "^2.0.0"
    "is-wsl" "^2.1.1"

"parseurl@~1.3.3":
  "integrity" "sha1-naGee+6NEt/wUT7Vt2lXeTvC6NQ="
  "resolved" "https://pkgs.dev.azure.com/office/Office/_packaging/1JS/npm/registry/parseurl/-/parseurl-1.3.3.tgz"
  "version" "1.3.3"

"pascal-case@^3.1.2":
  "integrity" "sha1-tI4O8rmOIF58Ha50fQsVCCN2YOs="
  "resolved" "https://pkgs.dev.azure.com/office/Office/_packaging/1JS/npm/registry/pascal-case/-/pascal-case-3.1.2.tgz"
  "version" "3.1.2"
  dependencies:
    "no-case" "^3.0.4"
    "tslib" "^2.0.3"

"path-is-absolute@^1.0.0":
  "integrity" "sha1-F0uSaHNVNP+8es5r9TpanhtcX18="
  "resolved" "https://pkgs.dev.azure.com/office/Office/_packaging/1JS/npm/registry/path-is-absolute/-/path-is-absolute-1.0.1.tgz"
  "version" "1.0.1"

"path-key@^3.1.0":
  "integrity" "sha1-WB9q3mWMu6ZaDTOA3ndTKVBU83U="
  "resolved" "https://pkgs.dev.azure.com/office/Office/_packaging/1JS/npm/registry/path-key/-/path-key-3.1.1.tgz"
  "version" "3.1.1"

"path-parse@^1.0.6":
  "integrity" "sha1-1i27VnlAXXLEc37FhgDp3c8G0kw="
  "resolved" "https://pkgs.dev.azure.com/office/Office/_packaging/1JS/npm/registry/path-parse/-/path-parse-1.0.6.tgz"
  "version" "1.0.6"

"picomatch@^2.0.4", "picomatch@^2.0.5", "picomatch@^2.2.1":
  "integrity" "sha1-IfMz6ba46v8CRo9RRupAbTRfTa0="
  "resolved" "https://pkgs.dev.azure.com/office/Office/_packaging/1JS/npm/registry/picomatch/-/picomatch-2.2.2.tgz"
  "version" "2.2.2"

"pretty-hrtime@^1.0.3":
  "integrity" "sha1-t+PqQkNaTJsnWdmeDyAesZWALuE="
  "resolved" "https://pkgs.dev.azure.com/office/Office/_packaging/1JS/npm/registry/pretty-hrtime/-/pretty-hrtime-1.0.3.tgz"
  "version" "1.0.3"

"prismjs@^1.17.1":
  "integrity" "sha1-07OWf31yRAaQSXZSqdQP8EYGfzM="
  "resolved" "https://pkgs.dev.azure.com/office/Office/_packaging/1JS/npm/registry/prismjs/-/prismjs-1.23.0.tgz"
  "version" "1.23.0"
  dependencies:
    "clipboard" "^2.0.0"
  optionalDependencies:
    "clipboard" "^2.0.0"

"range-parser@~1.2.1":
  "integrity" "sha1-PPNwI9GZ4cJNGlW4SADC8+ZGgDE="
  "resolved" "https://pkgs.dev.azure.com/office/Office/_packaging/1JS/npm/registry/range-parser/-/range-parser-1.2.1.tgz"
  "version" "1.2.1"

"readdirp@~3.5.0":
  "integrity" "sha1-m6dMAZsV02UnjS6Ru4xI17TULJ4="
  "resolved" "https://pkgs.dev.azure.com/office/Office/_packaging/1JS/npm/registry/readdirp/-/readdirp-3.5.0.tgz"
  "version" "3.5.0"
  dependencies:
    "picomatch" "^2.2.1"

"resolve-url@^0.2.1":
  "integrity" "sha1-LGN/53yJOv0qZj/iGqkIAGjiBSo="
  "resolved" "https://pkgs.dev.azure.com/office/Office/_packaging/1JS/npm/registry/resolve-url/-/resolve-url-0.2.1.tgz"
  "version" "0.2.1"

"resolve@^1.11.0", "resolve@^1.8.1":
  "integrity" "sha1-YpoBP7P3B1XW8LeTXMHCxTeLGXU="
  "resolved" "https://pkgs.dev.azure.com/office/Office/_packaging/1JS/npm/registry/resolve/-/resolve-1.20.0.tgz"
  "version" "1.20.0"
  dependencies:
    "is-core-module" "^2.2.0"
    "path-parse" "^1.0.6"

"rfdc@^1.1.4":
  "integrity" "sha1-0LfEQasnINBdxM8m4ByJYx2doIs="
  "resolved" "https://pkgs.dev.azure.com/office/Office/_packaging/1JS/npm/registry/rfdc/-/rfdc-1.3.0.tgz"
  "version" "1.3.0"

"safe-buffer@5.1.2":
  "integrity" "sha1-mR7GnSluAxN0fVm9/St0XDX4go0="
  "resolved" "https://pkgs.dev.azure.com/office/Office/_packaging/1JS/npm/registry/safe-buffer/-/safe-buffer-5.1.2.tgz"
  "version" "5.1.2"

"safer-buffer@^2.1.2":
  "integrity" "sha1-RPoWGwGHuVSd2Eu5GAL5vYOFzWo="
  "resolved" "https://pkgs.dev.azure.com/office/Office/_packaging/1JS/npm/registry/safer-buffer/-/safer-buffer-2.1.2.tgz"
  "version" "2.1.2"

"sax@~1.2.4":
  "integrity" "sha1-KBYjTiN4vdxOU1T6tcqold9xANk="
  "resolved" "https://pkgs.dev.azure.com/office/Office/_packaging/1JS/npm/registry/sax/-/sax-1.2.4.tgz"
  "version" "1.2.4"

"sax@0.5.x":
  "integrity" "sha1-1HLbIo6zMcJQaw6MFVJK25OdEsE="
  "resolved" "https://pkgs.dev.azure.com/office/Office/_packaging/1JS/npm/registry/sax/-/sax-0.5.8.tgz"
  "version" "0.5.8"

"select@^1.1.2":
  "integrity" "sha1-DnNQrN7ICxEIUoeG7B1EGNEbOW0="
  "resolved" "https://pkgs.dev.azure.com/office/Office/_packaging/1JS/npm/registry/select/-/select-1.1.2.tgz"
  "version" "1.1.2"

"semver@^6.3.0":
  "integrity" "sha1-7gpkyK9ejO6mdoexM3YeG+y9HT0="
  "resolved" "https://pkgs.dev.azure.com/office/Office/_packaging/1JS/npm/registry/semver/-/semver-6.3.0.tgz"
  "version" "6.3.0"

"send@0.17.1":
  "integrity" "sha1-wdiwWfeQD3Rm3Uk4vcROEd2zdsg="
  "resolved" "https://pkgs.dev.azure.com/office/Office/_packaging/1JS/npm/registry/send/-/send-0.17.1.tgz"
  "version" "0.17.1"
  dependencies:
    "debug" "2.6.9"
    "depd" "~1.1.2"
    "destroy" "~1.0.4"
    "encodeurl" "~1.0.2"
    "escape-html" "~1.0.3"
    "etag" "~1.8.1"
    "fresh" "0.5.2"
    "http-errors" "~1.7.2"
    "mime" "1.6.0"
    "ms" "2.1.1"
    "on-finished" "~2.3.0"
    "range-parser" "~1.2.1"
    "statuses" "~1.5.0"

"serve-static@^1.14.1":
  "integrity" "sha1-Zm5jbcTwEPfvKZcKiKZ0MgiYsvk="
  "resolved" "https://pkgs.dev.azure.com/office/Office/_packaging/1JS/npm/registry/serve-static/-/serve-static-1.14.1.tgz"
  "version" "1.14.1"
  dependencies:
    "encodeurl" "~1.0.2"
    "escape-html" "~1.0.3"
    "parseurl" "~1.3.3"
    "send" "0.17.1"

"setprototypeof@1.1.1":
  "integrity" "sha1-fpWsskqpL1iF4KvvW6ExMw1K5oM="
  "resolved" "https://pkgs.dev.azure.com/office/Office/_packaging/1JS/npm/registry/setprototypeof/-/setprototypeof-1.1.1.tgz"
  "version" "1.1.1"

"shebang-command@^2.0.0":
  "integrity" "sha1-zNCvT4g1+9wmW4JGGq8MNmY/NOo="
  "resolved" "https://pkgs.dev.azure.com/office/Office/_packaging/1JS/npm/registry/shebang-command/-/shebang-command-2.0.0.tgz"
  "version" "2.0.0"
  dependencies:
    "shebang-regex" "^3.0.0"

"shebang-regex@^3.0.0":
  "integrity" "sha1-rhbxZE2HPsrYQ7AwexQzYtTEIXI="
  "resolved" "https://pkgs.dev.azure.com/office/Office/_packaging/1JS/npm/registry/shebang-regex/-/shebang-regex-3.0.0.tgz"
  "version" "3.0.0"

"source-map-resolve@^0.5.2":
  "integrity" "sha1-GQhmvs51U+H48mei7oLGBrVQmho="
  "resolved" "https://pkgs.dev.azure.com/office/Office/_packaging/1JS/npm/registry/source-map-resolve/-/source-map-resolve-0.5.3.tgz"
  "version" "0.5.3"
  dependencies:
    "atob" "^2.1.2"
    "decode-uri-component" "^0.2.0"
    "resolve-url" "^0.2.1"
    "source-map-url" "^0.4.0"
    "urix" "^0.1.0"

"source-map-url@^0.4.0":
  "integrity" "sha1-CvZmBadFpaL5HPG7+KevvCg97FY="
  "resolved" "https://pkgs.dev.azure.com/office/Office/_packaging/1JS/npm/registry/source-map-url/-/source-map-url-0.4.1.tgz"
  "version" "0.4.1"

"source-map@^0.6.1":
  "integrity" "sha1-dHIq8y6WFOnCh6jQu95IteLxomM="
  "resolved" "https://pkgs.dev.azure.com/office/Office/_packaging/1JS/npm/registry/source-map/-/source-map-0.6.1.tgz"
  "version" "0.6.1"

"source-map@^0.7.3":
  "integrity" "sha1-UwL4FpAxc1ImVECS5kmB91F1A4M="
  "resolved" "https://pkgs.dev.azure.com/office/Office/_packaging/1JS/npm/registry/source-map/-/source-map-0.7.3.tgz"
  "version" "0.7.3"

"source-map@0.1.x":
  "integrity" "sha1-wkvBRspRfBRx9drL4lcbK3+eM0Y="
  "resolved" "https://pkgs.dev.azure.com/office/Office/_packaging/1JS/npm/registry/source-map/-/source-map-0.1.43.tgz"
  "version" "0.1.43"
  dependencies:
    "amdefine" ">=0.0.4"

"sprintf-js@^1.0.3", "sprintf-js@~1.0.2":
  "integrity" "sha1-BOaSb2YolTVPPdAVIDYzuFcpfiw="
  "resolved" "https://pkgs.dev.azure.com/office/Office/_packaging/1JS/npm/registry/sprintf-js/-/sprintf-js-1.0.3.tgz"
  "version" "1.0.3"

"statuses@>= 1.5.0 < 2", "statuses@~1.5.0":
  "integrity" "sha1-Fhx9rBd2Wf2YEfQ3cfqZOBR4Yow="
  "resolved" "https://pkgs.dev.azure.com/office/Office/_packaging/1JS/npm/registry/statuses/-/statuses-1.5.0.tgz"
  "version" "1.5.0"

"strip-ansi@^6.0.0":
  "integrity" "sha1-CxVx3XZpzNTz4G4U7x7tJiJa5TI="
  "resolved" "https://pkgs.dev.azure.com/office/Office/_packaging/1JS/npm/registry/strip-ansi/-/strip-ansi-6.0.0.tgz"
  "version" "6.0.0"
  dependencies:
    "ansi-regex" "^5.0.0"

"strip-indent@^3.0.0":
  "integrity" "sha1-wy4c7pQLazQyx3G8LFS8znPNMAE="
  "resolved" "https://pkgs.dev.azure.com/office/Office/_packaging/1JS/npm/registry/strip-indent/-/strip-indent-3.0.0.tgz"
  "version" "3.0.0"
  dependencies:
    "min-indent" "^1.0.0"

"striptags@^3.1.1":
  "integrity" "sha1-yMPn/db7S7OjKjt1LltePjgJPr0="
  "resolved" "https://pkgs.dev.azure.com/office/Office/_packaging/1JS/npm/registry/striptags/-/striptags-3.1.1.tgz"
  "version" "3.1.1"

"stylus@^0.54.8":
  "integrity" "sha1-PaPmWWa8Vnp7BEv+DuzmU+CZ0Uc="
  "resolved" "https://pkgs.dev.azure.com/office/Office/_packaging/1JS/npm/registry/stylus/-/stylus-0.54.8.tgz"
  "version" "0.54.8"
  dependencies:
    "css-parse" "~2.0.0"
    "debug" "~3.1.0"
    "glob" "^7.1.6"
    "mkdirp" "~1.0.4"
    "safer-buffer" "^2.1.2"
    "sax" "~1.2.4"
    "semver" "^6.3.0"
    "source-map" "^0.7.3"

"stylus@0.54.5":
  "integrity" "sha1-QrlWCTHKcJDOhRWnmLqeaqPW3Hk="
  "resolved" "https://pkgs.dev.azure.com/office/Office/_packaging/1JS/npm/registry/stylus/-/stylus-0.54.5.tgz"
  "version" "0.54.5"
  dependencies:
    "css-parse" "1.7.x"
    "debug" "*"
    "glob" "7.0.x"
    "mkdirp" "0.5.x"
    "sax" "0.5.x"
    "source-map" "0.1.x"

"supports-color@^7.1.0":
  "integrity" "sha1-G33NyzK4E4gBs+R4umpRyqiWSNo="
  "resolved" "https://pkgs.dev.azure.com/office/Office/_packaging/1JS/npm/registry/supports-color/-/supports-color-7.2.0.tgz"
  "version" "7.2.0"
  dependencies:
    "has-flag" "^4.0.0"

"text-table@^0.2.0":
  "integrity" "sha1-f17oI66AUgfACvLfSoTsP8+lcLQ="
  "resolved" "https://pkgs.dev.azure.com/office/Office/_packaging/1JS/npm/registry/text-table/-/text-table-0.2.0.tgz"
  "version" "0.2.0"

"through@>=2.2.7 <3":
  "integrity" "sha1-DdTJ/6q8NXlgsbckEV1+Doai4fU="
  "resolved" "https://pkgs.dev.azure.com/office/Office/_packaging/1JS/npm/registry/through/-/through-2.3.8.tgz"
  "version" "2.3.8"

"tildify@^2.0.0":
  "integrity" "sha1-8gXzZ01nfOaYtwZ6melJzgO0dUo="
  "resolved" "https://pkgs.dev.azure.com/office/Office/_packaging/1JS/npm/registry/tildify/-/tildify-2.0.0.tgz"
  "version" "2.0.0"

"timsort@^0.3.0":
  "integrity" "sha1-QFQRqOfmM5/mTbmiNN4R3DHgK9Q="
  "resolved" "https://pkgs.dev.azure.com/office/Office/_packaging/1JS/npm/registry/timsort/-/timsort-0.3.0.tgz"
  "version" "0.3.0"

"tiny-emitter@^2.0.0":
  "integrity" "sha1-HRpW7fxRxD6GPLtTgqcjMONVVCM="
  "resolved" "https://pkgs.dev.azure.com/office/Office/_packaging/1JS/npm/registry/tiny-emitter/-/tiny-emitter-2.1.0.tgz"
  "version" "2.1.0"

"titlecase@^1.1.2":
  "integrity" "sha1-/G1l/1grBgJBB2jvGgm3BQYxPcM="
  "resolved" "https://pkgs.dev.azure.com/office/Office/_packaging/1JS/npm/registry/titlecase/-/titlecase-1.1.3.tgz"
  "version" "1.1.3"

"to-regex-range@^5.0.1":
  "integrity" "sha1-FkjESq58jZiKMmAY7XL1tN0DkuQ="
  "resolved" "https://pkgs.dev.azure.com/office/Office/_packaging/1JS/npm/registry/to-regex-range/-/to-regex-range-5.0.1.tgz"
  "version" "5.0.1"
  dependencies:
    "is-number" "^7.0.0"

"toidentifier@1.0.0":
  "integrity" "sha1-fhvjRw8ed5SLxD2Uo8j013UrpVM="
  "resolved" "https://pkgs.dev.azure.com/office/Office/_packaging/1JS/npm/registry/toidentifier/-/toidentifier-1.0.0.tgz"
  "version" "1.0.0"

"tslib@^2.0.3":
  "integrity" "sha1-+yxHWXfjXiQTEe3iaTzuHsZpj1w="
  "resolved" "https://pkgs.dev.azure.com/office/Office/_packaging/1JS/npm/registry/tslib/-/tslib-2.2.0.tgz"
  "version" "2.2.0"

"unpipe@~1.0.0":
  "integrity" "sha1-sr9O6FFKrmFltIF4KdIbLvSZBOw="
  "resolved" "https://pkgs.dev.azure.com/office/Office/_packaging/1JS/npm/registry/unpipe/-/unpipe-1.0.0.tgz"
  "version" "1.0.0"

"urix@^0.1.0":
  "integrity" "sha1-2pN/emLiH+wf0Y1Js1wpNQZ6bHI="
  "resolved" "https://pkgs.dev.azure.com/office/Office/_packaging/1JS/npm/registry/urix/-/urix-0.1.0.tgz"
  "version" "0.1.0"

"utils-merge@1.0.1":
  "integrity" "sha1-n5VxD1CiZ5R7LMwSR0HBAoQn5xM="
  "resolved" "https://pkgs.dev.azure.com/office/Office/_packaging/1JS/npm/registry/utils-merge/-/utils-merge-1.0.1.tgz"
  "version" "1.0.1"

"vary@~1.1.2":
  "integrity" "sha1-IpnwLG3tMNSllhsLn3RSShj2NPw="
  "resolved" "https://pkgs.dev.azure.com/office/Office/_packaging/1JS/npm/registry/vary/-/vary-1.1.2.tgz"
  "version" "1.1.2"

"warehouse@^4.0.0":
  "integrity" "sha1-RYMrxD4f0yO9nTyGsnYUMLoNHns="
  "resolved" "https://pkgs.dev.azure.com/office/Office/_packaging/1JS/npm/registry/warehouse/-/warehouse-4.0.0.tgz"
  "version" "4.0.0"
  dependencies:
    "bluebird" "^3.2.2"
    "cuid" "^2.1.4"
    "graceful-fs" "^4.1.3"
    "is-plain-object" "^3.0.0"
    "JSONStream" "^1.0.7"
    "rfdc" "^1.1.4"

"which@^2.0.1":
  "integrity" "sha1-fGqN0KY2oDJ+ELWckobu6T8/UbE="
  "resolved" "https://pkgs.dev.azure.com/office/Office/_packaging/1JS/npm/registry/which/-/which-2.0.2.tgz"
  "version" "2.0.2"
  dependencies:
    "isexe" "^2.0.0"

"wrappy@1":
  "integrity" "sha1-tSQ9jz7BqjXxNkYFvA0QNuMKtp8="
  "resolved" "https://pkgs.dev.azure.com/office/Office/_packaging/1JS/npm/registry/wrappy/-/wrappy-1.0.2.tgz"
  "version" "1.0.2"
